// !$*UTF8*$!
{
	archiveVersion = 1;
	classes = {
	};
	objectVersion = 55;
	objects = {

/* Begin PBXBuildFile section */
		69E32C41279D20F800F70659 /* AppDelegate.swift in Sources */ = {isa = PBXBuildFile; fileRef = 69E32C40279D20F800F70659 /* AppDelegate.swift */; };
		69E32C43279D20F800F70659 /* SceneDelegate.swift in Sources */ = {isa = PBXBuildFile; fileRef = 69E32C42279D20F800F70659 /* SceneDelegate.swift */; };
		69E32C45279D20F800F70659 /* SelectLoginViewController.swift in Sources */ = {isa = PBXBuildFile; fileRef = 69E32C44279D20F800F70659 /* SelectLoginViewController.swift */; };
		69E32C48279D20F800F70659 /* Auth.storyboard in Resources */ = {isa = PBXBuildFile; fileRef = 69E32C46279D20F800F70659 /* Auth.storyboard */; };
		69E32C4A279D20FC00F70659 /* Assets.xcassets in Resources */ = {isa = PBXBuildFile; fileRef = 69E32C49279D20FC00F70659 /* Assets.xcassets */; };
		69E32C4D279D20FC00F70659 /* LaunchScreen.storyboard in Resources */ = {isa = PBXBuildFile; fileRef = 69E32C4B279D20FC00F70659 /* LaunchScreen.storyboard */; };
		69E32C5F279D4A7400F70659 /* WolkThroughViewController.swift in Sources */ = {isa = PBXBuildFile; fileRef = 69E32C5E279D4A7400F70659 /* WolkThroughViewController.swift */; };
		69E32C61279D4A8B00F70659 /* ExplainViewController.swift in Sources */ = {isa = PBXBuildFile; fileRef = 69E32C60279D4A8B00F70659 /* ExplainViewController.swift */; };
		69E32C63279D4AB400F70659 /* NewLoginViewController.swift in Sources */ = {isa = PBXBuildFile; fileRef = 69E32C62279D4AB400F70659 /* NewLoginViewController.swift */; };
		69E32C65279D4AC900F70659 /* RegistMailViewController.swift in Sources */ = {isa = PBXBuildFile; fileRef = 69E32C64279D4AC900F70659 /* RegistMailViewController.swift */; };
		69E32C67279D4ADB00F70659 /* LoginTypeSelectViewController.swift in Sources */ = {isa = PBXBuildFile; fileRef = 69E32C66279D4ADB00F70659 /* LoginTypeSelectViewController.swift */; };
		69E32C69279D4AF000F70659 /* LoginViewController.swift in Sources */ = {isa = PBXBuildFile; fileRef = 69E32C68279D4AF000F70659 /* LoginViewController.swift */; };
		69E32C6B279D4B0300F70659 /* ForgotPasswordViewController.swift in Sources */ = {isa = PBXBuildFile; fileRef = 69E32C6A279D4B0300F70659 /* ForgotPasswordViewController.swift */; };
		69E32C6E279D4B7800F70659 /* Main.storyboard in Resources */ = {isa = PBXBuildFile; fileRef = 69E32C6D279D4B7800F70659 /* Main.storyboard */; };
		69E32C70279D4EBC00F70659 /* CheckMailViewController.swift in Sources */ = {isa = PBXBuildFile; fileRef = 69E32C6F279D4EBC00F70659 /* CheckMailViewController.swift */; };
		69E32C72279D564C00F70659 /* MainPageViewController.swift in Sources */ = {isa = PBXBuildFile; fileRef = 69E32C71279D564C00F70659 /* MainPageViewController.swift */; };
		F02FE0EFA50BC9D80CC2C9C1 /* Pods_FirebaseAuthApp.framework in Frameworks */ = {isa = PBXBuildFile; fileRef = CED2AB65EB5B5D27F3A2381C /* Pods_FirebaseAuthApp.framework */; };
/* End PBXBuildFile section */

/* Begin PBXFileReference section */
		4CF694FD8E21ADC4851BD0C3 /* Pods-FirebaseAuthApp.release.xcconfig */ = {isa = PBXFileReference; includeInIndex = 1; lastKnownFileType = text.xcconfig; name = "Pods-FirebaseAuthApp.release.xcconfig"; path = "Target Support Files/Pods-FirebaseAuthApp/Pods-FirebaseAuthApp.release.xcconfig"; sourceTree = "<group>"; };
		69E32C3D279D20F800F70659 /* FirebaseAuthApp.app */ = {isa = PBXFileReference; explicitFileType = wrapper.application; includeInIndex = 0; path = FirebaseAuthApp.app; sourceTree = BUILT_PRODUCTS_DIR; };
		69E32C40279D20F800F70659 /* AppDelegate.swift */ = {isa = PBXFileReference; lastKnownFileType = sourcecode.swift; path = AppDelegate.swift; sourceTree = "<group>"; };
		69E32C42279D20F800F70659 /* SceneDelegate.swift */ = {isa = PBXFileReference; lastKnownFileType = sourcecode.swift; path = SceneDelegate.swift; sourceTree = "<group>"; };
		69E32C44279D20F800F70659 /* SelectLoginViewController.swift */ = {isa = PBXFileReference; lastKnownFileType = sourcecode.swift; path = SelectLoginViewController.swift; sourceTree = "<group>"; };
		69E32C47279D20F800F70659 /* Base */ = {isa = PBXFileReference; lastKnownFileType = file.storyboard; name = Base; path = Base.lproj/Auth.storyboard; sourceTree = "<group>"; };
		69E32C49279D20FC00F70659 /* Assets.xcassets */ = {isa = PBXFileReference; lastKnownFileType = folder.assetcatalog; path = Assets.xcassets; sourceTree = "<group>"; };
		69E32C4C279D20FC00F70659 /* Base */ = {isa = PBXFileReference; lastKnownFileType = file.storyboard; name = Base; path = Base.lproj/LaunchScreen.storyboard; sourceTree = "<group>"; };
		69E32C4E279D20FC00F70659 /* Info.plist */ = {isa = PBXFileReference; lastKnownFileType = text.plist.xml; path = Info.plist; sourceTree = "<group>"; };
		69E32C5E279D4A7400F70659 /* WolkThroughViewController.swift */ = {isa = PBXFileReference; lastKnownFileType = sourcecode.swift; path = WolkThroughViewController.swift; sourceTree = "<group>"; };
		69E32C60279D4A8B00F70659 /* ExplainViewController.swift */ = {isa = PBXFileReference; lastKnownFileType = sourcecode.swift; path = ExplainViewController.swift; sourceTree = "<group>"; };
		69E32C62279D4AB400F70659 /* NewLoginViewController.swift */ = {isa = PBXFileReference; lastKnownFileType = sourcecode.swift; path = NewLoginViewController.swift; sourceTree = "<group>"; };
		69E32C64279D4AC900F70659 /* RegistMailViewController.swift */ = {isa = PBXFileReference; lastKnownFileType = sourcecode.swift; path = RegistMailViewController.swift; sourceTree = "<group>"; };
		69E32C66279D4ADB00F70659 /* LoginTypeSelectViewController.swift */ = {isa = PBXFileReference; lastKnownFileType = sourcecode.swift; path = LoginTypeSelectViewController.swift; sourceTree = "<group>"; };
		69E32C68279D4AF000F70659 /* LoginViewController.swift */ = {isa = PBXFileReference; lastKnownFileType = sourcecode.swift; path = LoginViewController.swift; sourceTree = "<group>"; };
		69E32C6A279D4B0300F70659 /* ForgotPasswordViewController.swift */ = {isa = PBXFileReference; lastKnownFileType = sourcecode.swift; path = ForgotPasswordViewController.swift; sourceTree = "<group>"; };
		69E32C6D279D4B7800F70659 /* Main.storyboard */ = {isa = PBXFileReference; lastKnownFileType = file.storyboard; path = Main.storyboard; sourceTree = "<group>"; };
		69E32C6F279D4EBC00F70659 /* CheckMailViewController.swift */ = {isa = PBXFileReference; lastKnownFileType = sourcecode.swift; path = CheckMailViewController.swift; sourceTree = "<group>"; };
		69E32C71279D564C00F70659 /* MainPageViewController.swift */ = {isa = PBXFileReference; lastKnownFileType = sourcecode.swift; path = MainPageViewController.swift; sourceTree = "<group>"; };
		CED2AB65EB5B5D27F3A2381C /* Pods_FirebaseAuthApp.framework */ = {isa = PBXFileReference; explicitFileType = wrapper.framework; includeInIndex = 0; path = Pods_FirebaseAuthApp.framework; sourceTree = BUILT_PRODUCTS_DIR; };
		F499808653576AC49F1B00B2 /* Pods-FirebaseAuthApp.debug.xcconfig */ = {isa = PBXFileReference; includeInIndex = 1; lastKnownFileType = text.xcconfig; name = "Pods-FirebaseAuthApp.debug.xcconfig"; path = "Target Support Files/Pods-FirebaseAuthApp/Pods-FirebaseAuthApp.debug.xcconfig"; sourceTree = "<group>"; };
/* End PBXFileReference section */

/* Begin PBXFrameworksBuildPhase section */
		69E32C3A279D20F800F70659 /* Frameworks */ = {
			isa = PBXFrameworksBuildPhase;
			buildActionMask = 2147483647;
			files = (
				F02FE0EFA50BC9D80CC2C9C1 /* Pods_FirebaseAuthApp.framework in Frameworks */,
			);
			runOnlyForDeploymentPostprocessing = 0;
		};
/* End PBXFrameworksBuildPhase section */

/* Begin PBXGroup section */
		2A85F7BD319D3E2D48EC5495 /* Frameworks */ = {
			isa = PBXGroup;
			children = (
				CED2AB65EB5B5D27F3A2381C /* Pods_FirebaseAuthApp.framework */,
			);
			name = Frameworks;
			sourceTree = "<group>";
		};
		69E32C34279D20F800F70659 = {
			isa = PBXGroup;
			children = (
				69E32C3F279D20F800F70659 /* FirebaseAuthApp */,
				69E32C3E279D20F800F70659 /* Products */,
				E452DF5FF8BEDE1B84BCFDEA /* Pods */,
				2A85F7BD319D3E2D48EC5495 /* Frameworks */,
			);
			sourceTree = "<group>";
		};
		69E32C3E279D20F800F70659 /* Products */ = {
			isa = PBXGroup;
			children = (
				69E32C3D279D20F800F70659 /* FirebaseAuthApp.app */,
			);
			name = Products;
			sourceTree = "<group>";
		};
		69E32C3F279D20F800F70659 /* FirebaseAuthApp */ = {
			isa = PBXGroup;
			children = (
				69E32C40279D20F800F70659 /* AppDelegate.swift */,
				69E32C42279D20F800F70659 /* SceneDelegate.swift */,
				69E32C5D279D4A5400F70659 /* Controller */,
				69E32C6C279D4B5700F70659 /* View */,
				69E32C49279D20FC00F70659 /* Assets.xcassets */,
				69E32C4B279D20FC00F70659 /* LaunchScreen.storyboard */,
				69E32C4E279D20FC00F70659 /* Info.plist */,
			);
			path = FirebaseAuthApp;
			sourceTree = "<group>";
		};
		69E32C5D279D4A5400F70659 /* Controller */ = {
			isa = PBXGroup;
			children = (
				69E32C44279D20F800F70659 /* SelectLoginViewController.swift */,
				69E32C5E279D4A7400F70659 /* WolkThroughViewController.swift */,
				69E32C60279D4A8B00F70659 /* ExplainViewController.swift */,
				69E32C62279D4AB400F70659 /* NewLoginViewController.swift */,
				69E32C64279D4AC900F70659 /* RegistMailViewController.swift */,
				69E32C66279D4ADB00F70659 /* LoginTypeSelectViewController.swift */,
				69E32C68279D4AF000F70659 /* LoginViewController.swift */,
				69E32C6A279D4B0300F70659 /* ForgotPasswordViewController.swift */,
				69E32C6F279D4EBC00F70659 /* CheckMailViewController.swift */,
				69E32C71279D564C00F70659 /* MainPageViewController.swift */,
			);
			path = Controller;
			sourceTree = "<group>";
		};
		69E32C6C279D4B5700F70659 /* View */ = {
			isa = PBXGroup;
			children = (
				69E32C46279D20F800F70659 /* Auth.storyboard */,
				69E32C6D279D4B7800F70659 /* Main.storyboard */,
			);
			path = View;
			sourceTree = "<group>";
		};
		E452DF5FF8BEDE1B84BCFDEA /* Pods */ = {
			isa = PBXGroup;
			children = (
				F499808653576AC49F1B00B2 /* Pods-FirebaseAuthApp.debug.xcconfig */,
				4CF694FD8E21ADC4851BD0C3 /* Pods-FirebaseAuthApp.release.xcconfig */,
			);
			path = Pods;
			sourceTree = "<group>";
		};
/* End PBXGroup section */

/* Begin PBXNativeTarget section */
		69E32C3C279D20F800F70659 /* FirebaseAuthApp */ = {
			isa = PBXNativeTarget;
			buildConfigurationList = 69E32C51279D20FC00F70659 /* Build configuration list for PBXNativeTarget "FirebaseAuthApp" */;
			buildPhases = (
				45F7491A856AA8A5FC257CCB /* [CP] Check Pods Manifest.lock */,
				69E32C39279D20F800F70659 /* Sources */,
				69E32C3A279D20F800F70659 /* Frameworks */,
				69E32C3B279D20F800F70659 /* Resources */,
				D535BA6E2DEC42538CFCB7C5 /* [CP] Embed Pods Frameworks */,
			);
			buildRules = (
			);
			dependencies = (
			);
			name = FirebaseAuthApp;
			productName = FirebaseAuthApp;
			productReference = 69E32C3D279D20F800F70659 /* FirebaseAuthApp.app */;
			productType = "com.apple.product-type.application";
		};
/* End PBXNativeTarget section */

/* Begin PBXProject section */
		69E32C35279D20F800F70659 /* Project object */ = {
			isa = PBXProject;
			attributes = {
				BuildIndependentTargetsInParallel = 1;
				LastSwiftUpdateCheck = 1320;
				LastUpgradeCheck = 1320;
				TargetAttributes = {
					69E32C3C279D20F800F70659 = {
						CreatedOnToolsVersion = 13.2.1;
					};
				};
			};
			buildConfigurationList = 69E32C38279D20F800F70659 /* Build configuration list for PBXProject "FirebaseAuthApp" */;
			compatibilityVersion = "Xcode 13.0";
			developmentRegion = en;
			hasScannedForEncodings = 0;
			knownRegions = (
				en,
				Base,
			);
			mainGroup = 69E32C34279D20F800F70659;
			productRefGroup = 69E32C3E279D20F800F70659 /* Products */;
			projectDirPath = "";
			projectRoot = "";
			targets = (
				69E32C3C279D20F800F70659 /* FirebaseAuthApp */,
			);
		};
/* End PBXProject section */

/* Begin PBXResourcesBuildPhase section */
		69E32C3B279D20F800F70659 /* Resources */ = {
			isa = PBXResourcesBuildPhase;
			buildActionMask = 2147483647;
			files = (
				69E32C4D279D20FC00F70659 /* LaunchScreen.storyboard in Resources */,
				69E32C4A279D20FC00F70659 /* Assets.xcassets in Resources */,
				69E32C6E279D4B7800F70659 /* Main.storyboard in Resources */,
				69E32C48279D20F800F70659 /* Auth.storyboard in Resources */,
			);
			runOnlyForDeploymentPostprocessing = 0;
		};
/* End PBXResourcesBuildPhase section */

/* Begin PBXShellScriptBuildPhase section */
		45F7491A856AA8A5FC257CCB /* [CP] Check Pods Manifest.lock */ = {
			isa = PBXShellScriptBuildPhase;
			buildActionMask = 2147483647;
			files = (
			);
			inputFileListPaths = (
			);
			inputPaths = (
				"${PODS_PODFILE_DIR_PATH}/Podfile.lock",
				"${PODS_ROOT}/Manifest.lock",
			);
			name = "[CP] Check Pods Manifest.lock";
			outputFileListPaths = (
			);
			outputPaths = (
				"$(DERIVED_FILE_DIR)/Pods-FirebaseAuthApp-checkManifestLockResult.txt",
			);
			runOnlyForDeploymentPostprocessing = 0;
			shellPath = /bin/sh;
			shellScript = "diff \"${PODS_PODFILE_DIR_PATH}/Podfile.lock\" \"${PODS_ROOT}/Manifest.lock\" > /dev/null\nif [ $? != 0 ] ; then\n    # print error to STDERR\n    echo \"error: The sandbox is not in sync with the Podfile.lock. Run 'pod install' or update your CocoaPods installation.\" >&2\n    exit 1\nfi\n# This output is used by Xcode 'outputs' to avoid re-running this script phase.\necho \"SUCCESS\" > \"${SCRIPT_OUTPUT_FILE_0}\"\n";
			showEnvVarsInLog = 0;
		};
		D535BA6E2DEC42538CFCB7C5 /* [CP] Embed Pods Frameworks */ = {
			isa = PBXShellScriptBuildPhase;
			buildActionMask = 2147483647;
			files = (
			);
			inputFileListPaths = (
				"${PODS_ROOT}/Target Support Files/Pods-FirebaseAuthApp/Pods-FirebaseAuthApp-frameworks-${CONFIGURATION}-input-files.xcfilelist",
			);
			name = "[CP] Embed Pods Frameworks";
			outputFileListPaths = (
				"${PODS_ROOT}/Target Support Files/Pods-FirebaseAuthApp/Pods-FirebaseAuthApp-frameworks-${CONFIGURATION}-output-files.xcfilelist",
			);
			runOnlyForDeploymentPostprocessing = 0;
			shellPath = /bin/sh;
			shellScript = "\"${PODS_ROOT}/Target Support Files/Pods-FirebaseAuthApp/Pods-FirebaseAuthApp-frameworks.sh\"\n";
			showEnvVarsInLog = 0;
		};
/* End PBXShellScriptBuildPhase section */

/* Begin PBXSourcesBuildPhase section */
		69E32C39279D20F800F70659 /* Sources */ = {
			isa = PBXSourcesBuildPhase;
			buildActionMask = 2147483647;
			files = (
				69E32C70279D4EBC00F70659 /* CheckMailViewController.swift in Sources */,
				69E32C69279D4AF000F70659 /* LoginViewController.swift in Sources */,
				69E32C67279D4ADB00F70659 /* LoginTypeSelectViewController.swift in Sources */,
				69E32C45279D20F800F70659 /* SelectLoginViewController.swift in Sources */,
				69E32C72279D564C00F70659 /* MainPageViewController.swift in Sources */,
				69E32C41279D20F800F70659 /* AppDelegate.swift in Sources */,
				69E32C43279D20F800F70659 /* SceneDelegate.swift in Sources */,
				69E32C61279D4A8B00F70659 /* ExplainViewController.swift in Sources */,
				69E32C65279D4AC900F70659 /* RegistMailViewController.swift in Sources */,
				69E32C5F279D4A7400F70659 /* WolkThroughViewController.swift in Sources */,
				69E32C6B279D4B0300F70659 /* ForgotPasswordViewController.swift in Sources */,
				69E32C63279D4AB400F70659 /* NewLoginViewController.swift in Sources */,
			);
			runOnlyForDeploymentPostprocessing = 0;
		};
/* End PBXSourcesBuildPhase section */

/* Begin PBXVariantGroup section */
		69E32C46279D20F800F70659 /* Auth.storyboard */ = {
			isa = PBXVariantGroup;
			children = (
				69E32C47279D20F800F70659 /* Base */,
			);
			name = Auth.storyboard;
			sourceTree = "<group>";
		};
		69E32C4B279D20FC00F70659 /* LaunchScreen.storyboard */ = {
			isa = PBXVariantGroup;
			children = (
				69E32C4C279D20FC00F70659 /* Base */,
			);
			name = LaunchScreen.storyboard;
			sourceTree = "<group>";
		};
/* End PBXVariantGroup section */

/* Begin XCBuildConfiguration section */
		69E32C4F279D20FC00F70659 /* Debug */ = {
			isa = XCBuildConfiguration;
			buildSettings = {
				ALWAYS_SEARCH_USER_PATHS = NO;
				CLANG_ANALYZER_NONNULL = YES;
				CLANG_ANALYZER_NUMBER_OBJECT_CONVERSION = YES_AGGRESSIVE;
				CLANG_CXX_LANGUAGE_STANDARD = "gnu++17";
				CLANG_CXX_LIBRARY = "libc++";
				CLANG_ENABLE_MODULES = YES;
				CLANG_ENABLE_OBJC_ARC = YES;
				CLANG_ENABLE_OBJC_WEAK = YES;
				CLANG_WARN_BLOCK_CAPTURE_AUTORELEASING = YES;
				CLANG_WARN_BOOL_CONVERSION = YES;
				CLANG_WARN_COMMA = YES;
				CLANG_WARN_CONSTANT_CONVERSION = YES;
				CLANG_WARN_DEPRECATED_OBJC_IMPLEMENTATIONS = YES;
				CLANG_WARN_DIRECT_OBJC_ISA_USAGE = YES_ERROR;
				CLANG_WARN_DOCUMENTATION_COMMENTS = YES;
				CLANG_WARN_EMPTY_BODY = YES;
				CLANG_WARN_ENUM_CONVERSION = YES;
				CLANG_WARN_INFINITE_RECURSION = YES;
				CLANG_WARN_INT_CONVERSION = YES;
				CLANG_WARN_NON_LITERAL_NULL_CONVERSION = YES;
				CLANG_WARN_OBJC_IMPLICIT_RETAIN_SELF = YES;
				CLANG_WARN_OBJC_LITERAL_CONVERSION = YES;
				CLANG_WARN_OBJC_ROOT_CLASS = YES_ERROR;
				CLANG_WARN_QUOTED_INCLUDE_IN_FRAMEWORK_HEADER = YES;
				CLANG_WARN_RANGE_LOOP_ANALYSIS = YES;
				CLANG_WARN_STRICT_PROTOTYPES = YES;
				CLANG_WARN_SUSPICIOUS_MOVE = YES;
				CLANG_WARN_UNGUARDED_AVAILABILITY = YES_AGGRESSIVE;
				CLANG_WARN_UNREACHABLE_CODE = YES;
				CLANG_WARN__DUPLICATE_METHOD_MATCH = YES;
				COPY_PHASE_STRIP = NO;
				DEBUG_INFORMATION_FORMAT = dwarf;
				ENABLE_STRICT_OBJC_MSGSEND = YES;
				ENABLE_TESTABILITY = YES;
				GCC_C_LANGUAGE_STANDARD = gnu11;
				GCC_DYNAMIC_NO_PIC = NO;
				GCC_NO_COMMON_BLOCKS = YES;
				GCC_OPTIMIZATION_LEVEL = 0;
				GCC_PREPROCESSOR_DEFINITIONS = (
					"DEBUG=1",
					"$(inherited)",
				);
				GCC_WARN_64_TO_32_BIT_CONVERSION = YES;
				GCC_WARN_ABOUT_RETURN_TYPE = YES_ERROR;
				GCC_WARN_UNDECLARED_SELECTOR = YES;
				GCC_WARN_UNINITIALIZED_AUTOS = YES_AGGRESSIVE;
				GCC_WARN_UNUSED_FUNCTION = YES;
				GCC_WARN_UNUSED_VARIABLE = YES;
				IPHONEOS_DEPLOYMENT_TARGET = 15.2;
				MTL_ENABLE_DEBUG_INFO = INCLUDE_SOURCE;
				MTL_FAST_MATH = YES;
				ONLY_ACTIVE_ARCH = YES;
				SDKROOT = iphoneos;
				SWIFT_ACTIVE_COMPILATION_CONDITIONS = DEBUG;
				SWIFT_OPTIMIZATION_LEVEL = "-Onone";
			};
			name = Debug;
		};
		69E32C50279D20FC00F70659 /* Release */ = {
			isa = XCBuildConfiguration;
			buildSettings = {
				ALWAYS_SEARCH_USER_PATHS = NO;
				CLANG_ANALYZER_NONNULL = YES;
				CLANG_ANALYZER_NUMBER_OBJECT_CONVERSION = YES_AGGRESSIVE;
				CLANG_CXX_LANGUAGE_STANDARD = "gnu++17";
				CLANG_CXX_LIBRARY = "libc++";
				CLANG_ENABLE_MODULES = YES;
				CLANG_ENABLE_OBJC_ARC = YES;
				CLANG_ENABLE_OBJC_WEAK = YES;
				CLANG_WARN_BLOCK_CAPTURE_AUTORELEASING = YES;
				CLANG_WARN_BOOL_CONVERSION = YES;
				CLANG_WARN_COMMA = YES;
				CLANG_WARN_CONSTANT_CONVERSION = YES;
				CLANG_WARN_DEPRECATED_OBJC_IMPLEMENTATIONS = YES;
				CLANG_WARN_DIRECT_OBJC_ISA_USAGE = YES_ERROR;
				CLANG_WARN_DOCUMENTATION_COMMENTS = YES;
				CLANG_WARN_EMPTY_BODY = YES;
				CLANG_WARN_ENUM_CONVERSION = YES;
				CLANG_WARN_INFINITE_RECURSION = YES;
				CLANG_WARN_INT_CONVERSION = YES;
				CLANG_WARN_NON_LITERAL_NULL_CONVERSION = YES;
				CLANG_WARN_OBJC_IMPLICIT_RETAIN_SELF = YES;
				CLANG_WARN_OBJC_LITERAL_CONVERSION = YES;
				CLANG_WARN_OBJC_ROOT_CLASS = YES_ERROR;
				CLANG_WARN_QUOTED_INCLUDE_IN_FRAMEWORK_HEADER = YES;
				CLANG_WARN_RANGE_LOOP_ANALYSIS = YES;
				CLANG_WARN_STRICT_PROTOTYPES = YES;
				CLANG_WARN_SUSPICIOUS_MOVE = YES;
				CLANG_WARN_UNGUARDED_AVAILABILITY = YES_AGGRESSIVE;
				CLANG_WARN_UNREACHABLE_CODE = YES;
				CLANG_WARN__DUPLICATE_METHOD_MATCH = YES;
				COPY_PHASE_STRIP = NO;
				DEBUG_INFORMATION_FORMAT = "dwarf-with-dsym";
				ENABLE_NS_ASSERTIONS = NO;
				ENABLE_STRICT_OBJC_MSGSEND = YES;
				GCC_C_LANGUAGE_STANDARD = gnu11;
				GCC_NO_COMMON_BLOCKS = YES;
				GCC_WARN_64_TO_32_BIT_CONVERSION = YES;
				GCC_WARN_ABOUT_RETURN_TYPE = YES_ERROR;
				GCC_WARN_UNDECLARED_SELECTOR = YES;
				GCC_WARN_UNINITIALIZED_AUTOS = YES_AGGRESSIVE;
				GCC_WARN_UNUSED_FUNCTION = YES;
				GCC_WARN_UNUSED_VARIABLE = YES;
				IPHONEOS_DEPLOYMENT_TARGET = 15.2;
				MTL_ENABLE_DEBUG_INFO = NO;
				MTL_FAST_MATH = YES;
				SDKROOT = iphoneos;
				SWIFT_COMPILATION_MODE = wholemodule;
				SWIFT_OPTIMIZATION_LEVEL = "-O";
				VALIDATE_PRODUCT = YES;
			};
			name = Release;
		};
		69E32C52279D20FC00F70659 /* Debug */ = {
			isa = XCBuildConfiguration;
			baseConfigurationReference = F499808653576AC49F1B00B2 /* Pods-FirebaseAuthApp.debug.xcconfig */;
			buildSettings = {
				ASSETCATALOG_COMPILER_APPICON_NAME = AppIcon;
				ASSETCATALOG_COMPILER_GLOBAL_ACCENT_COLOR_NAME = AccentColor;
				CODE_SIGN_STYLE = Automatic;
				CURRENT_PROJECT_VERSION = 1;
				DEVELOPMENT_TEAM = PP279SVC4X;
				GENERATE_INFOPLIST_FILE = YES;
				INFOPLIST_FILE = FirebaseAuthApp/Info.plist;
				INFOPLIST_KEY_UIApplicationSupportsIndirectInputEvents = YES;
				INFOPLIST_KEY_UILaunchStoryboardName = LaunchScreen;
				INFOPLIST_KEY_UIMainStoryboardFile = Main;
				INFOPLIST_KEY_UISupportedInterfaceOrientations_iPad = "UIInterfaceOrientationPortrait UIInterfaceOrientationPortraitUpsideDown UIInterfaceOrientationLandscapeLeft UIInterfaceOrientationLandscapeRight";
				INFOPLIST_KEY_UISupportedInterfaceOrientations_iPhone = "UIInterfaceOrientationPortrait UIInterfaceOrientationLandscapeLeft UIInterfaceOrientationLandscapeRight";
				LD_RUNPATH_SEARCH_PATHS = (
					"$(inherited)",
					"@executable_path/Frameworks",
				);
				MARKETING_VERSION = 1.0;
				PRODUCT_BUNDLE_IDENTIFIER = com.williamUdemy.FirebaseAuthApp;
				PRODUCT_NAME = "$(TARGET_NAME)";
				SWIFT_EMIT_LOC_STRINGS = YES;
				SWIFT_VERSION = 5.0;
				TARGETED_DEVICE_FAMILY = "1,2";
			};
			name = Debug;
		};
		69E32C53279D20FC00F70659 /* Release */ = {
			isa = XCBuildConfiguration;
			baseConfigurationReference = 4CF694FD8E21ADC4851BD0C3 /* Pods-FirebaseAuthApp.release.xcconfig */;
			buildSettings = {
				ASSETCATALOG_COMPILER_APPICON_NAME = AppIcon;
				ASSETCATALOG_COMPILER_GLOBAL_ACCENT_COLOR_NAME = AccentColor;
				CODE_SIGN_STYLE = Automatic;
				CURRENT_PROJECT_VERSION = 1;
				DEVELOPMENT_TEAM = PP279SVC4X;
				GENERATE_INFOPLIST_FILE = YES;
				INFOPLIST_FILE = FirebaseAuthApp/Info.plist;
				INFOPLIST_KEY_UIApplicationSupportsIndirectInputEvents = YES;
				INFOPLIST_KEY_UILaunchStoryboardName = LaunchScreen;
				INFOPLIST_KEY_UIMainStoryboardFile = Main;
				INFOPLIST_KEY_UISupportedInterfaceOrientations_iPad = "UIInterfaceOrientationPortrait UIInterfaceOrientationPortraitUpsideDown UIInterfaceOrientationLandscapeLeft UIInterfaceOrientationLandscapeRight";
				INFOPLIST_KEY_UISupportedInterfaceOrientations_iPhone = "UIInterfaceOrientationPortrait UIInterfaceOrientationLandscapeLeft UIInterfaceOrientationLandscapeRight";
				LD_RUNPATH_SEARCH_PATHS = (
					"$(inherited)",
					"@executable_path/Frameworks",
				);
				MARKETING_VERSION = 1.0;
				PRODUCT_BUNDLE_IDENTIFIER = com.williamUdemy.FirebaseAuthApp;
				PRODUCT_NAME = "$(TARGET_NAME)";
				SWIFT_EMIT_LOC_STRINGS = YES;
				SWIFT_VERSION = 5.0;
				TARGETED_DEVICE_FAMILY = "1,2";
			};
			name = Release;
		};
/* End XCBuildConfiguration section */

/* Begin XCConfigurationList section */
		69E32C38279D20F800F70659 /* Build configuration list for PBXProject "FirebaseAuthApp" */ = {
			isa = XCConfigurationList;
			buildConfigurations = (
				69E32C4F279D20FC00F70659 /* Debug */,
				69E32C50279D20FC00F70659 /* Release */,
			);
			defaultConfigurationIsVisible = 0;
			defaultConfigurationName = Release;
		};
		69E32C51279D20FC00F70659 /* Build configuration list for PBXNativeTarget "FirebaseAuthApp" */ = {
			isa = XCConfigurationList;
			buildConfigurations = (
				69E32C52279D20FC00F70659 /* Debug */,
				69E32C53279D20FC00F70659 /* Release */,
			);
			defaultConfigurationIsVisible = 0;
			defaultConfigurationName = Release;
		};
/* End XCConfigurationList section */
	};
	rootObject = 69E32C35279D20F800F70659 /* Project object */;
}
